
Microsoft Visual Studio Solution File, Format Version 12.00
# Visual Studio Version 17
VisualStudioVersion = 17.9.34714.143
MinimumVisualStudioVersion = 10.0.40219.1
Project("{FAE04EC0-301F-11D3-BF4B-00C04F79EFBC}") = "Week09StoreInventory-DSPSb", "Week09StoreInventory-DSPSb.csproj", "{43B281AA-DBB7-42B0-B8D6-13A9808334D2}"
EndProject
Global
	GlobalSection(SolutionConfigurationPlatforms) = preSolution
		Debug|Any CPU = Debug|Any CPU
		Release|Any CPU = Release|Any CPU
	EndGlobalSection
	GlobalSection(ProjectConfigurationPlatforms) = postSolution
		{43B281AA-DBB7-42B0-B8D6-13A9808334D2}.Debug|Any CPU.ActiveCfg = Debug|Any CPU
		{43B281AA-DBB7-42B0-B8D6-13A9808334D2}.Debug|Any CPU.Build.0 = Debug|Any CPU
		{43B281AA-DBB7-42B0-B8D6-13A9808334D2}.Release|Any CPU.ActiveCfg = Release|Any CPU
		{43B281AA-DBB7-42B0-B8D6-13A9808334D2}.Release|Any CPU.Build.0 = Release|Any CPU
	EndGlobalSection
	GlobalSection(SolutionProperties) = preSolution
		HideSolutionNode = FALSE
	EndGlobalSection
	GlobalSection(ExtensibilityGlobals) = postSolution
		SolutionGuid = {627A0DD5-56D8-4F40-BC3E-E77650DEA8FE}
	EndGlobalSection
EndGlobal
