
Microsoft Visual Studio Solution File, Format Version 12.00
# Visual Studio Version 17
VisualStudioVersion = 17.9.34714.143
MinimumVisualStudioVersion = 10.0.40219.1
Project("{FAE04EC0-301F-11D3-BF4B-00C04F79EFBC}") = "02Variables-DSPSb", "02Variables-DSPSb.csproj", "{31ADC6A0-768D-496E-8501-F1F9E4DCDED9}"
EndProject
Global
	GlobalSection(SolutionConfigurationPlatforms) = preSolution
		Debug|Any CPU = Debug|Any CPU
		Release|Any CPU = Release|Any CPU
	EndGlobalSection
	GlobalSection(ProjectConfigurationPlatforms) = postSolution
		{31ADC6A0-768D-496E-8501-F1F9E4DCDED9}.Debug|Any CPU.ActiveCfg = Debug|Any CPU
		{31ADC6A0-768D-496E-8501-F1F9E4DCDED9}.Debug|Any CPU.Build.0 = Debug|Any CPU
		{31ADC6A0-768D-496E-8501-F1F9E4DCDED9}.Release|Any CPU.ActiveCfg = Release|Any CPU
		{31ADC6A0-768D-496E-8501-F1F9E4DCDED9}.Release|Any CPU.Build.0 = Release|Any CPU
	EndGlobalSection
	GlobalSection(SolutionProperties) = preSolution
		HideSolutionNode = FALSE
	EndGlobalSection
	GlobalSection(ExtensibilityGlobals) = postSolution
		SolutionGuid = {ECC13BF2-5C51-4604-9F4F-16842B5306AC}
	EndGlobalSection
EndGlobal
