
Microsoft Visual Studio Solution File, Format Version 12.00
# Visual Studio Version 17
VisualStudioVersion = 17.9.34714.143
MinimumVisualStudioVersion = 10.0.40219.1
Project("{FAE04EC0-301F-11D3-BF4B-00C04F79EFBC}") = "04FOR-LOOP-ADI", "04FOR-LOOP-ADI.csproj", "{4156CAA7-B9D2-4908-95A4-1B4F1A329A01}"
EndProject
Global
	GlobalSection(SolutionConfigurationPlatforms) = preSolution
		Debug|Any CPU = Debug|Any CPU
		Release|Any CPU = Release|Any CPU
	EndGlobalSection
	GlobalSection(ProjectConfigurationPlatforms) = postSolution
		{4156CAA7-B9D2-4908-95A4-1B4F1A329A01}.Debug|Any CPU.ActiveCfg = Debug|Any CPU
		{4156CAA7-B9D2-4908-95A4-1B4F1A329A01}.Debug|Any CPU.Build.0 = Debug|Any CPU
		{4156CAA7-B9D2-4908-95A4-1B4F1A329A01}.Release|Any CPU.ActiveCfg = Release|Any CPU
		{4156CAA7-B9D2-4908-95A4-1B4F1A329A01}.Release|Any CPU.Build.0 = Release|Any CPU
	EndGlobalSection
	GlobalSection(SolutionProperties) = preSolution
		HideSolutionNode = FALSE
	EndGlobalSection
	GlobalSection(ExtensibilityGlobals) = postSolution
		SolutionGuid = {4F62383D-349A-49CC-A24E-54B275AFD880}
	EndGlobalSection
EndGlobal
