
Microsoft Visual Studio Solution File, Format Version 12.00
# Visual Studio Version 17
VisualStudioVersion = 17.9.34714.143
MinimumVisualStudioVersion = 10.0.40219.1
Project("{FAE04EC0-301F-11D3-BF4B-00C04F79EFBC}") = "Week07-RecapWeek6-DSPSa", "Week07-RecapWeek6-DSPSa.csproj", "{7CFEBA7A-B5E7-42E9-970C-0655635ACDDB}"
EndProject
Global
	GlobalSection(SolutionConfigurationPlatforms) = preSolution
		Debug|Any CPU = Debug|Any CPU
		Release|Any CPU = Release|Any CPU
	EndGlobalSection
	GlobalSection(ProjectConfigurationPlatforms) = postSolution
		{7CFEBA7A-B5E7-42E9-970C-0655635ACDDB}.Debug|Any CPU.ActiveCfg = Debug|Any CPU
		{7CFEBA7A-B5E7-42E9-970C-0655635ACDDB}.Debug|Any CPU.Build.0 = Debug|Any CPU
		{7CFEBA7A-B5E7-42E9-970C-0655635ACDDB}.Release|Any CPU.ActiveCfg = Release|Any CPU
		{7CFEBA7A-B5E7-42E9-970C-0655635ACDDB}.Release|Any CPU.Build.0 = Release|Any CPU
	EndGlobalSection
	GlobalSection(SolutionProperties) = preSolution
		HideSolutionNode = FALSE
	EndGlobalSection
	GlobalSection(ExtensibilityGlobals) = postSolution
		SolutionGuid = {9D213ED0-46A7-4498-97C2-C06C3A28C738}
	EndGlobalSection
EndGlobal
