
Microsoft Visual Studio Solution File, Format Version 12.00
# Visual Studio Version 17
VisualStudioVersion = 17.9.34714.143
MinimumVisualStudioVersion = 10.0.40219.1
Project("{FAE04EC0-301F-11D3-BF4B-00C04F79EFBC}") = "Week06Array1D-EX-DSPSb", "Week06Array1D-EX-DSPSb.csproj", "{F525BCA9-F883-41EC-BA19-B0116BAA3332}"
EndProject
Global
	GlobalSection(SolutionConfigurationPlatforms) = preSolution
		Debug|Any CPU = Debug|Any CPU
		Release|Any CPU = Release|Any CPU
	EndGlobalSection
	GlobalSection(ProjectConfigurationPlatforms) = postSolution
		{F525BCA9-F883-41EC-BA19-B0116BAA3332}.Debug|Any CPU.ActiveCfg = Debug|Any CPU
		{F525BCA9-F883-41EC-BA19-B0116BAA3332}.Debug|Any CPU.Build.0 = Debug|Any CPU
		{F525BCA9-F883-41EC-BA19-B0116BAA3332}.Release|Any CPU.ActiveCfg = Release|Any CPU
		{F525BCA9-F883-41EC-BA19-B0116BAA3332}.Release|Any CPU.Build.0 = Release|Any CPU
	EndGlobalSection
	GlobalSection(SolutionProperties) = preSolution
		HideSolutionNode = FALSE
	EndGlobalSection
	GlobalSection(ExtensibilityGlobals) = postSolution
		SolutionGuid = {12CCFA2B-53CA-48E8-824F-BB888936D6A9}
	EndGlobalSection
EndGlobal
