
Microsoft Visual Studio Solution File, Format Version 12.00
# Visual Studio Version 17
VisualStudioVersion = 17.9.34714.143
MinimumVisualStudioVersion = 10.0.40219.1
Project("{FAE04EC0-301F-11D3-BF4B-00C04F79EFBC}") = "04Week3Recap-DSPSb", "04Week3Recap-DSPSb.csproj", "{BA8E6FA1-1E6F-4ADA-90E2-C1CF269A1EF6}"
EndProject
Global
	GlobalSection(SolutionConfigurationPlatforms) = preSolution
		Debug|Any CPU = Debug|Any CPU
		Release|Any CPU = Release|Any CPU
	EndGlobalSection
	GlobalSection(ProjectConfigurationPlatforms) = postSolution
		{BA8E6FA1-1E6F-4ADA-90E2-C1CF269A1EF6}.Debug|Any CPU.ActiveCfg = Debug|Any CPU
		{BA8E6FA1-1E6F-4ADA-90E2-C1CF269A1EF6}.Debug|Any CPU.Build.0 = Debug|Any CPU
		{BA8E6FA1-1E6F-4ADA-90E2-C1CF269A1EF6}.Release|Any CPU.ActiveCfg = Release|Any CPU
		{BA8E6FA1-1E6F-4ADA-90E2-C1CF269A1EF6}.Release|Any CPU.Build.0 = Release|Any CPU
	EndGlobalSection
	GlobalSection(SolutionProperties) = preSolution
		HideSolutionNode = FALSE
	EndGlobalSection
	GlobalSection(ExtensibilityGlobals) = postSolution
		SolutionGuid = {8EBBAFDC-02CD-402A-A892-11C1AF6F5FAE}
	EndGlobalSection
EndGlobal
