
Microsoft Visual Studio Solution File, Format Version 12.00
# Visual Studio Version 17
VisualStudioVersion = 17.9.34714.143
MinimumVisualStudioVersion = 10.0.40219.1
Project("{FAE04EC0-301F-11D3-BF4B-00C04F79EFBC}") = "Week09StudentDatabase-DSPSa", "Week09StudentDatabase-DSPSa.csproj", "{039236F1-BCF3-4E25-A53F-43DAF9CDADAD}"
EndProject
Global
	GlobalSection(SolutionConfigurationPlatforms) = preSolution
		Debug|Any CPU = Debug|Any CPU
		Release|Any CPU = Release|Any CPU
	EndGlobalSection
	GlobalSection(ProjectConfigurationPlatforms) = postSolution
		{039236F1-BCF3-4E25-A53F-43DAF9CDADAD}.Debug|Any CPU.ActiveCfg = Debug|Any CPU
		{039236F1-BCF3-4E25-A53F-43DAF9CDADAD}.Debug|Any CPU.Build.0 = Debug|Any CPU
		{039236F1-BCF3-4E25-A53F-43DAF9CDADAD}.Release|Any CPU.ActiveCfg = Release|Any CPU
		{039236F1-BCF3-4E25-A53F-43DAF9CDADAD}.Release|Any CPU.Build.0 = Release|Any CPU
	EndGlobalSection
	GlobalSection(SolutionProperties) = preSolution
		HideSolutionNode = FALSE
	EndGlobalSection
	GlobalSection(ExtensibilityGlobals) = postSolution
		SolutionGuid = {5BCE7662-C782-4366-BA84-894C65D34810}
	EndGlobalSection
EndGlobal
