
Microsoft Visual Studio Solution File, Format Version 12.00
# Visual Studio Version 17
VisualStudioVersion = 17.9.34714.143
MinimumVisualStudioVersion = 10.0.40219.1
Project("{FAE04EC0-301F-11D3-BF4B-00C04F79EFBC}") = "Week10-Exercises-DSPSb", "Week10-Exercises-DSPSb.csproj", "{763DB4C9-04AE-424B-8CB2-77DC517DCE10}"
EndProject
Global
	GlobalSection(SolutionConfigurationPlatforms) = preSolution
		Debug|Any CPU = Debug|Any CPU
		Release|Any CPU = Release|Any CPU
	EndGlobalSection
	GlobalSection(ProjectConfigurationPlatforms) = postSolution
		{763DB4C9-04AE-424B-8CB2-77DC517DCE10}.Debug|Any CPU.ActiveCfg = Debug|Any CPU
		{763DB4C9-04AE-424B-8CB2-77DC517DCE10}.Debug|Any CPU.Build.0 = Debug|Any CPU
		{763DB4C9-04AE-424B-8CB2-77DC517DCE10}.Release|Any CPU.ActiveCfg = Release|Any CPU
		{763DB4C9-04AE-424B-8CB2-77DC517DCE10}.Release|Any CPU.Build.0 = Release|Any CPU
	EndGlobalSection
	GlobalSection(SolutionProperties) = preSolution
		HideSolutionNode = FALSE
	EndGlobalSection
	GlobalSection(ExtensibilityGlobals) = postSolution
		SolutionGuid = {354A7E66-53DC-454E-9DD5-8FAD3190493D}
	EndGlobalSection
EndGlobal
