
Microsoft Visual Studio Solution File, Format Version 12.00
# Visual Studio Version 17
VisualStudioVersion = 17.9.34714.143
MinimumVisualStudioVersion = 10.0.40219.1
Project("{FAE04EC0-301F-11D3-BF4B-00C04F79EFBC}") = "04Week3Recap", "04Week3Recap.csproj", "{C727FD17-5F51-4EBD-99B2-809EB91A51DE}"
EndProject
Global
	GlobalSection(SolutionConfigurationPlatforms) = preSolution
		Debug|Any CPU = Debug|Any CPU
		Release|Any CPU = Release|Any CPU
	EndGlobalSection
	GlobalSection(ProjectConfigurationPlatforms) = postSolution
		{C727FD17-5F51-4EBD-99B2-809EB91A51DE}.Debug|Any CPU.ActiveCfg = Debug|Any CPU
		{C727FD17-5F51-4EBD-99B2-809EB91A51DE}.Debug|Any CPU.Build.0 = Debug|Any CPU
		{C727FD17-5F51-4EBD-99B2-809EB91A51DE}.Release|Any CPU.ActiveCfg = Release|Any CPU
		{C727FD17-5F51-4EBD-99B2-809EB91A51DE}.Release|Any CPU.Build.0 = Release|Any CPU
	EndGlobalSection
	GlobalSection(SolutionProperties) = preSolution
		HideSolutionNode = FALSE
	EndGlobalSection
	GlobalSection(ExtensibilityGlobals) = postSolution
		SolutionGuid = {7B6B3046-06EB-4CF3-BA67-148C9A7B39E1}
	EndGlobalSection
EndGlobal
